// !$*UTF8*$!
{
	archiveVersion = 1;
	classes = {
	};
	objectVersion = 48;
	objects = {

/* Begin PBXBuildFile section */
		B13DAE101FB315F2003AF3C1 /* AppDelegate.swift in Sources */ = {isa = PBXBuildFile; fileRef = B13DAE0F1FB315F2003AF3C1 /* AppDelegate.swift */; };
		B13DAE121FB315F2003AF3C1 /* ViewController.swift in Sources */ = {isa = PBXBuildFile; fileRef = B13DAE111FB315F2003AF3C1 /* ViewController.swift */; };
		B13DAE151FB315F2003AF3C1 /* Main.storyboard in Resources */ = {isa = PBXBuildFile; fileRef = B13DAE131FB315F2003AF3C1 /* Main.storyboard */; };
		B13DAE171FB315F2003AF3C1 /* Assets.xcassets in Resources */ = {isa = PBXBuildFile; fileRef = B13DAE161FB315F2003AF3C1 /* Assets.xcassets */; };
		B13DAE1A1FB315F2003AF3C1 /* LaunchScreen.storyboard in Resources */ = {isa = PBXBuildFile; fileRef = B13DAE181FB315F2003AF3C1 /* LaunchScreen.storyboard */; };
/* End PBXBuildFile section */

/* Begin PBXFileReference section */
		B13DAE0C1FB315F2003AF3C1 /* VersionExample.app */ = {isa = PBXFileReference; explicitFileType = wrapper.application; includeInIndex = 0; path = VersionExample.app; sourceTree = BUILT_PRODUCTS_DIR; };
		B13DAE0F1FB315F2003AF3C1 /* AppDelegate.swift */ = {isa = PBXFileReference; lastKnownFileType = sourcecode.swift; path = AppDelegate.swift; sourceTree = "<group>"; };
		B13DAE111FB315F2003AF3C1 /* ViewController.swift */ = {isa = PBXFileReference; lastKnownFileType = sourcecode.swift; path = ViewController.swift; sourceTree = "<group>"; };
		B13DAE141FB315F2003AF3C1 /* Base */ = {isa = PBXFileReference; lastKnownFileType = file.storyboard; name = Base; path = Base.lproj/Main.storyboard; sourceTree = "<group>"; };
		B13DAE161FB315F2003AF3C1 /* Assets.xcassets */ = {isa = PBXFileReference; lastKnownFileType = folder.assetcatalog; path = Assets.xcassets; sourceTree = "<group>"; };
		B13DAE191FB315F2003AF3C1 /* Base */ = {isa = PBXFileReference; lastKnownFileType = file.storyboard; name = Base; path = Base.lproj/LaunchScreen.storyboard; sourceTree = "<group>"; };
		B13DAE1B1FB315F2003AF3C1 /* Info.plist */ = {isa = PBXFileReference; lastKnownFileType = text.plist.xml; path = Info.plist; sourceTree = "<group>"; };
/* End PBXFileReference section */

/* Begin PBXFrameworksBuildPhase section */
		B13DAE091FB315F2003AF3C1 /* Frameworks */ = {
			isa = PBXFrameworksBuildPhase;
			buildActionMask = 2147483647;
			files = (
			);
			runOnlyForDeploymentPostprocessing = 0;
		};
/* End PBXFrameworksBuildPhase section */

/* Begin PBXGroup section */
		B13DAE031FB315F2003AF3C1 = {
			isa = PBXGroup;
			children = (
				B13DAE0E1FB315F2003AF3C1 /* VersionExample */,
				B13DAE0D1FB315F2003AF3C1 /* Products */,
			);
			sourceTree = "<group>";
		};
		B13DAE0D1FB315F2003AF3C1 /* Products */ = {
			isa = PBXGroup;
			children = (
				B13DAE0C1FB315F2003AF3C1 /* VersionExample.app */,
			);
			name = Products;
			sourceTree = "<group>";
		};
		B13DAE0E1FB315F2003AF3C1 /* VersionExample */ = {
			isa = PBXGroup;
			children = (
				B13DAE0F1FB315F2003AF3C1 /* AppDelegate.swift */,
				B13DAE111FB315F2003AF3C1 /* ViewController.swift */,
				B13DAE131FB315F2003AF3C1 /* Main.storyboard */,
				B13DAE161FB315F2003AF3C1 /* Assets.xcassets */,
				B13DAE181FB315F2003AF3C1 /* LaunchScreen.storyboard */,
				B13DAE1B1FB315F2003AF3C1 /* Info.plist */,
			);
			path = VersionExample;
			sourceTree = "<group>";
		};
/* End PBXGroup section */

/* Begin PBXNativeTarget section */
		B13DAE0B1FB315F2003AF3C1 /* VersionExample */ = {
			isa = PBXNativeTarget;
			buildConfigurationList = B13DAE1E1FB315F2003AF3C1 /* Build configuration list for PBXNativeTarget "VersionExample" */;
			buildPhases = (
				B13DAE081FB315F2003AF3C1 /* Sources */,
				B13DAE091FB315F2003AF3C1 /* Frameworks */,
				B13DAE0A1FB315F2003AF3C1 /* Resources */,
			);
			buildRules = (
			);
			dependencies = (
			);
			name = VersionExample;
			productName = VersionExample;
			productReference = B13DAE0C1FB315F2003AF3C1 /* VersionExample.app */;
			productType = "com.apple.product-type.application";
		};
/* End PBXNativeTarget section */

/* Begin PBXProject section */
		B13DAE041FB315F2003AF3C1 /* Project object */ = {
			isa = PBXProject;
			attributes = {
				LastSwiftUpdateCheck = 0910;
				LastUpgradeCheck = 0910;
				ORGANIZATIONNAME = "Patrick Boyce";
				TargetAttributes = {
					B13DAE0B1FB315F2003AF3C1 = {
						CreatedOnToolsVersion = 9.1;
						ProvisioningStyle = Automatic;
					};
				};
			};
			buildConfigurationList = B13DAE071FB315F2003AF3C1 /* Build configuration list for PBXProject "VersionExample" */;
			compatibilityVersion = "Xcode 8.0";
			developmentRegion = en;
			hasScannedForEncodings = 0;
			knownRegions = (
				en,
				Base,
			);
			mainGroup = B13DAE031FB315F2003AF3C1;
			productRefGroup = B13DAE0D1FB315F2003AF3C1 /* Products */;
			projectDirPath = "";
			projectRoot = "";
			targets = (
				B13DAE0B1FB315F2003AF3C1 /* VersionExample */,
			);
		};
/* End PBXProject section */

/* Begin PBXResourcesBuildPhase section */
		B13DAE0A1FB315F2003AF3C1 /* Resources */ = {
			isa = PBXResourcesBuildPhase;
			buildActionMask = 2147483647;
			files = (
				B13DAE1A1FB315F2003AF3C1 /* LaunchScreen.storyboard in Resources */,
				B13DAE171FB315F2003AF3C1 /* Assets.xcassets in Resources */,
				B13DAE151FB315F2003AF3C1 /* Main.storyboard in Resources */,
			);
			runOnlyForDeploymentPostprocessing = 0;
		};
/* End PBXResourcesBuildPhase section */

/* Begin PBXSourcesBuildPhase section */
		B13DAE081FB315F2003AF3C1 /* Sources */ = {
			isa = PBXSourcesBuildPhase;
			buildActionMask = 2147483647;
			files = (
				B13DAE121FB315F2003AF3C1 /* ViewController.swift in Sources */,
				B13DAE101FB315F2003AF3C1 /* AppDelegate.swift in Sources */,
			);
			runOnlyForDeploymentPostprocessing = 0;
		};
/* End PBXSourcesBuildPhase section */

/* Begin PBXVariantGroup section */
		B13DAE131FB315F2003AF3C1 /* Main.storyboard */ = {
			isa = PBXVariantGroup;
			children = (
				B13DAE141FB315F2003AF3C1 /* Base */,
			);
			name = Main.storyboard;
			sourceTree = "<group>";
		};
		B13DAE181FB315F2003AF3C1 /* LaunchScreen.storyboard */ = {
			isa = PBXVariantGroup;
			children = (
				B13DAE191FB315F2003AF3C1 /* Base */,
			);
			name = LaunchScreen.storyboard;
			sourceTree = "<group>";
		};
/* End PBXVariantGroup section */

/* Begin XCBuildConfiguration section */
		B13DAE1C1FB315F2003AF3C1 /* Debug */ = {
			isa = XCBuildConfiguration;
			buildSettings = {
				ALWAYS_SEARCH_USER_PATHS = NO;
				CLANG_ANALYZER_NONNULL = YES;
				CLANG_ANALYZER_NUMBER_OBJECT_CONVERSION = YES_AGGRESSIVE;
				CLANG_CXX_LANGUAGE_STANDARD = "gnu++14";
				CLANG_CXX_LIBRARY = "libc++";
				CLANG_ENABLE_MODULES = YES;
				CLANG_ENABLE_OBJC_ARC = YES;
				CLANG_WARN_BLOCK_CAPTURE_AUTORELEASING = YES;
				CLANG_WARN_BOOL_CONVERSION = YES;
				CLANG_WARN_COMMA = YES;
				CLANG_WARN_CONSTANT_CONVERSION = YES;
				CLANG_WARN_DIRECT_OBJC_ISA_USAGE = YES_ERROR;
				CLANG_WARN_DOCUMENTATION_COMMENTS = YES;
				CLANG_WARN_EMPTY_BODY = YES;
				CLANG_WARN_ENUM_CONVERSION = YES;
				CLANG_WARN_INFINITE_RECURSION = YES;
				CLANG_WARN_INT_CONVERSION = YES;
				CLANG_WARN_NON_LITERAL_NULL_CONVERSION = YES;
				CLANG_WARN_OBJC_LITERAL_CONVERSION = YES;
				CLANG_WARN_OBJC_ROOT_CLASS = YES_ERROR;
				CLANG_WARN_RANGE_LOOP_ANALYSIS = YES;
				CLANG_WARN_STRICT_PROTOTYPES = YES;
				CLANG_WARN_SUSPICIOUS_MOVE = YES;
				CLANG_WARN_UNGUARDED_AVAILABILITY = YES_AGGRESSIVE;
				CLANG_WARN_UNREACHABLE_CODE = YES;
				CLANG_WARN__DUPLICATE_METHOD_MATCH = YES;
				CODE_SIGN_IDENTITY = "iPhone Developer";
				COPY_PHASE_STRIP = NO;
				DEBUG_INFORMATION_FORMAT = dwarf;
				ENABLE_STRICT_OBJC_MSGSEND = YES;
				ENABLE_TESTABILITY = YES;
				GCC_C_LANGUAGE_STANDARD = gnu11;
				GCC_DYNAMIC_NO_PIC = NO;
				GCC_NO_COMMON_BLOCKS = YES;
				GCC_OPTIMIZATION_LEVEL = 0;
				GCC_PREPROCESSOR_DEFINITIONS = (
					"DEBUG=1",
					"$(inherited)",
				);
				GCC_WARN_64_TO_32_BIT_CONVERSION = YES;
				GCC_WARN_ABOUT_RETURN_TYPE = YES_ERROR;
				GCC_WARN_UNDECLARED_SELECTOR = YES;
				GCC_WARN_UNINITIALIZED_AUTOS = YES_AGGRESSIVE;
				GCC_WARN_UNUSED_FUNCTION = YES;
				GCC_WARN_UNUSED_VARIABLE = YES;
				IPHONEOS_DEPLOYMENT_TARGET = 11.1;
				MTL_ENABLE_DEBUG_INFO = YES;
				ONLY_ACTIVE_ARCH = YES;
				SDKROOT = iphoneos;
				SWIFT_ACTIVE_COMPILATION_CONDITIONS = DEBUG;
				SWIFT_OPTIMIZATION_LEVEL = "-Onone";
			};
			name = Debug;
		};
		B13DAE1D1FB315F2003AF3C1 /* Release */ = {
			isa = XCBuildConfiguration;
			buildSettings = {
				ALWAYS_SEARCH_USER_PATHS = NO;
				CLANG_ANALYZER_NONNULL = YES;
				CLANG_ANALYZER_NUMBER_OBJECT_CONVERSION = YES_AGGRESSIVE;
				CLANG_CXX_LANGUAGE_STANDARD = "gnu++14";
				CLANG_CXX_LIBRARY = "libc++";
				CLANG_ENABLE_MODULES = YES;
				CLANG_ENABLE_OBJC_ARC = YES;
				CLANG_WARN_BLOCK_CAPTURE_AUTORELEASING = YES;
				CLANG_WARN_BOOL_CONVERSION = YES;
				CLANG_WARN_COMMA = YES;
				CLANG_WARN_CONSTANT_CONVERSION = YES;
				CLANG_WARN_DIRECT_OBJC_ISA_USAGE = YES_ERROR;
				CLANG_WARN_DOCUMENTATION_COMMENTS = YES;
				CLANG_WARN_EMPTY_BODY = YES;
				CLANG_WARN_ENUM_CONVERSION = YES;
				CLANG_WARN_INFINITE_RECURSION = YES;
				CLANG_WARN_INT_CONVERSION = YES;
				CLANG_WARN_NON_LITERAL_NULL_CONVERSION = YES;
				CLANG_WARN_OBJC_LITERAL_CONVERSION = YES;
				CLANG_WARN_OBJC_ROOT_CLASS = YES_ERROR;
				CLANG_WARN_RANGE_LOOP_ANALYSIS = YES;
				CLANG_WARN_STRICT_PROTOTYPES = YES;
				CLANG_WARN_SUSPICIOUS_MOVE = YES;
				CLANG_WARN_UNGUARDED_AVAILABILITY = YES_AGGRESSIVE;
				CLANG_WARN_UNREACHABLE_CODE = YES;
				CLANG_WARN__DUPLICATE_METHOD_MATCH = YES;
				CODE_SIGN_IDENTITY = "iPhone Developer";
				COPY_PHASE_STRIP = NO;
				DEBUG_INFORMATION_FORMAT = "dwarf-with-dsym";
				ENABLE_NS_ASSERTIONS = NO;
				ENABLE_STRICT_OBJC_MSGSEND = YES;
				GCC_C_LANGUAGE_STANDARD = gnu11;
				GCC_NO_COMMON_BLOCKS = YES;
				GCC_WARN_64_TO_32_BIT_CONVERSION = YES;
				GCC_WARN_ABOUT_RETURN_TYPE = YES_ERROR;
				GCC_WARN_UNDECLARED_SELECTOR = YES;
				GCC_WARN_UNINITIALIZED_AUTOS = YES_AGGRESSIVE;
				GCC_WARN_UNUSED_FUNCTION = YES;
				GCC_WARN_UNUSED_VARIABLE = YES;
				IPHONEOS_DEPLOYMENT_TARGET = 11.1;
				MTL_ENABLE_DEBUG_INFO = NO;
				SDKROOT = iphoneos;
				SWIFT_OPTIMIZATION_LEVEL = "-Owholemodule";
				VALIDATE_PRODUCT = YES;
			};
			name = Release;
		};
		B13DAE1F1FB315F2003AF3C1 /* Debug */ = {
			isa = XCBuildConfiguration;
			buildSettings = {
				ASSETCATALOG_COMPILER_APPICON_NAME = AppIcon;
				CODE_SIGN_STYLE = Automatic;
				DEVELOPMENT_TEAM = G27FNRJX96;
				INFOPLIST_FILE = VersionExample/Info.plist;
				LD_RUNPATH_SEARCH_PATHS = "$(inherited) @executable_path/Frameworks";
				PRODUCT_BUNDLE_IDENTIFIER = com.patboyce.VersionExample;
				PRODUCT_NAME = "$(TARGET_NAME)";
				SWIFT_VERSION = 4.0;
				TARGETED_DEVICE_FAMILY = "1,2";
			};
			name = Debug;
		};
		B13DAE201FB315F2003AF3C1 /* Release */ = {
			isa = XCBuildConfiguration;
			buildSettings = {
				ASSETCATALOG_COMPILER_APPICON_NAME = AppIcon;
				CODE_SIGN_STYLE = Automatic;
				DEVELOPMENT_TEAM = G27FNRJX96;
				INFOPLIST_FILE = VersionExample/Info.plist;
				LD_RUNPATH_SEARCH_PATHS = "$(inherited) @executable_path/Frameworks";
				PRODUCT_BUNDLE_IDENTIFIER = com.patboyce.VersionExample;
				PRODUCT_NAME = "$(TARGET_NAME)";
				SWIFT_VERSION = 4.0;
				TARGETED_DEVICE_FAMILY = "1,2";
			};
			name = Release;
		};
/* End XCBuildConfiguration section */

/* Begin XCConfigurationList section */
		B13DAE071FB315F2003AF3C1 /* Build configuration list for PBXProject "VersionExample" */ = {
			isa = XCConfigurationList;
			buildConfigurations = (
				B13DAE1C1FB315F2003AF3C1 /* Debug */,
				B13DAE1D1FB315F2003AF3C1 /* Release */,
			);
			defaultConfigurationIsVisible = 0;
			defaultConfigurationName = Release;
		};
		B13DAE1E1FB315F2003AF3C1 /* Build configuration list for PBXNativeTarget "VersionExample" */ = {
			isa = XCConfigurationList;
			buildConfigurations = (
				B13DAE1F1FB315F2003AF3C1 /* Debug */,
				B13DAE201FB315F2003AF3C1 /* Release */,
			);
			defaultConfigurationIsVisible = 0;
			defaultConfigurationName = Release;
		};
/* End XCConfigurationList section */
	};
	rootObject = B13DAE041FB315F2003AF3C1 /* Project object */;
}
